
Microsoft Visual Studio Solution File, Format Version 12.00
# Visual Studio Version 16
VisualStudioVersion = 16.0.30907.101
MinimumVisualStudioVersion = 10.0.40219.1
Project("{FAE04EC0-301F-11D3-BF4B-00C04F79EFBC}") = "OOP1", "OOP1\OOP1.csproj", "{740F10FE-2A3D-47C9-AA17-5F8A1B1B0EE9}"
EndProject
Project("{FAE04EC0-301F-11D3-BF4B-00C04F79EFBC}") = "Koleksiyonlar", "Koleksiyonlar\Koleksiyonlar.csproj", "{0F360082-45A6-4143-8A60-A98AAE129397}"
EndProject
Project("{FAE04EC0-301F-11D3-BF4B-00C04F79EFBC}") = "GenericsIntro", "GenericsIntro\GenericsIntro.csproj", "{4851C866-2073-4556-A438-21E625CE34AF}"
EndProject
Global
	GlobalSection(SolutionConfigurationPlatforms) = preSolution
		Debug|Any CPU = Debug|Any CPU
		Release|Any CPU = Release|Any CPU
	EndGlobalSection
	GlobalSection(ProjectConfigurationPlatforms) = postSolution
		{740F10FE-2A3D-47C9-AA17-5F8A1B1B0EE9}.Debug|Any CPU.ActiveCfg = Debug|Any CPU
		{740F10FE-2A3D-47C9-AA17-5F8A1B1B0EE9}.Debug|Any CPU.Build.0 = Debug|Any CPU
		{740F10FE-2A3D-47C9-AA17-5F8A1B1B0EE9}.Release|Any CPU.ActiveCfg = Release|Any CPU
		{740F10FE-2A3D-47C9-AA17-5F8A1B1B0EE9}.Release|Any CPU.Build.0 = Release|Any CPU
		{0F360082-45A6-4143-8A60-A98AAE129397}.Debug|Any CPU.ActiveCfg = Debug|Any CPU
		{0F360082-45A6-4143-8A60-A98AAE129397}.Debug|Any CPU.Build.0 = Debug|Any CPU
		{0F360082-45A6-4143-8A60-A98AAE129397}.Release|Any CPU.ActiveCfg = Release|Any CPU
		{0F360082-45A6-4143-8A60-A98AAE129397}.Release|Any CPU.Build.0 = Release|Any CPU
		{4851C866-2073-4556-A438-21E625CE34AF}.Debug|Any CPU.ActiveCfg = Debug|Any CPU
		{4851C866-2073-4556-A438-21E625CE34AF}.Debug|Any CPU.Build.0 = Debug|Any CPU
		{4851C866-2073-4556-A438-21E625CE34AF}.Release|Any CPU.ActiveCfg = Release|Any CPU
		{4851C866-2073-4556-A438-21E625CE34AF}.Release|Any CPU.Build.0 = Release|Any CPU
	EndGlobalSection
	GlobalSection(SolutionProperties) = preSolution
		HideSolutionNode = FALSE
	EndGlobalSection
	GlobalSection(ExtensibilityGlobals) = postSolution
		SolutionGuid = {82D90381-4FCA-4814-853C-C27AAD115986}
	EndGlobalSection
EndGlobal
